// !$*UTF8*$!
{
	archiveVersion = 1;
	classes = {
	};
	objectVersion = 55;
	objects = {

/* Begin PBXBuildFile section */
		5D4AD10D280F887E00CB6656 /* GoogleService-Info.plist in Resources */ = {isa = PBXBuildFile; fileRef = 5D4AD10C280F887E00CB6656 /* GoogleService-Info.plist */; };
		5D4AD113280F961900CB6656 /* CreateAccount.swift in Sources */ = {isa = PBXBuildFile; fileRef = 5D4AD112280F961900CB6656 /* CreateAccount.swift */; };
		5D4AD115280FD6CF00CB6656 /* LoginViewController.swift in Sources */ = {isa = PBXBuildFile; fileRef = 5D4AD114280FD6CF00CB6656 /* LoginViewController.swift */; };
		5DD50E8D28056B9C007FEFF1 /* AppDelegate.swift in Sources */ = {isa = PBXBuildFile; fileRef = 5DD50E8C28056B9C007FEFF1 /* AppDelegate.swift */; };
		5DD50E8F28056B9C007FEFF1 /* SceneDelegate.swift in Sources */ = {isa = PBXBuildFile; fileRef = 5DD50E8E28056B9C007FEFF1 /* SceneDelegate.swift */; };
		5DD50E9128056B9C007FEFF1 /* ViewController.swift in Sources */ = {isa = PBXBuildFile; fileRef = 5DD50E9028056B9C007FEFF1 /* ViewController.swift */; };
		5DD50E9428056B9C007FEFF1 /* Main.storyboard in Resources */ = {isa = PBXBuildFile; fileRef = 5DD50E9228056B9C007FEFF1 /* Main.storyboard */; };
		5DD50E9628056B9C007FEFF1 /* Assets.xcassets in Resources */ = {isa = PBXBuildFile; fileRef = 5DD50E9528056B9C007FEFF1 /* Assets.xcassets */; };
		5DD50E9928056B9C007FEFF1 /* LaunchScreen.storyboard in Resources */ = {isa = PBXBuildFile; fileRef = 5DD50E9728056B9C007FEFF1 /* LaunchScreen.storyboard */; };
		5DD50EA428056B9C007FEFF1 /* Heath_LineTests.swift in Sources */ = {isa = PBXBuildFile; fileRef = 5DD50EA328056B9C007FEFF1 /* Heath_LineTests.swift */; };
		5DD50EAE28056B9C007FEFF1 /* Heath_LineUITests.swift in Sources */ = {isa = PBXBuildFile; fileRef = 5DD50EAD28056B9C007FEFF1 /* Heath_LineUITests.swift */; };
		5DD50EB028056B9C007FEFF1 /* Heath_LineUITestsLaunchTests.swift in Sources */ = {isa = PBXBuildFile; fileRef = 5DD50EAF28056B9C007FEFF1 /* Heath_LineUITestsLaunchTests.swift */; };
		5DEE297B2818890500CD57BB /* TalkToDoctorViewController.swift in Sources */ = {isa = PBXBuildFile; fileRef = 5DEE297A2818890500CD57BB /* TalkToDoctorViewController.swift */; };
		8AB26D4C58D8545E237C17C4 /* Pods_Heath_LineTests.framework in Frameworks */ = {isa = PBXBuildFile; fileRef = C2EE1F2417454C43445EDA9E /* Pods_Heath_LineTests.framework */; };
		A5C52222A86301F46ED657F6 /* Pods_Heath_Line.framework in Frameworks */ = {isa = PBXBuildFile; fileRef = 6646AEC040009266CC2CA971 /* Pods_Heath_Line.framework */; };
		B078E171F0A0052D38509EC0 /* Pods_Heath_Line_Heath_LineUITests.framework in Frameworks */ = {isa = PBXBuildFile; fileRef = A75650D52A5AA736C4614203 /* Pods_Heath_Line_Heath_LineUITests.framework */; };
		C536F57F280E75D500CCFD12 /* HomeViewController.swift in Sources */ = {isa = PBXBuildFile; fileRef = C536F57E280E75D500CCFD12 /* HomeViewController.swift */; };
/* End PBXBuildFile section */

/* Begin PBXContainerItemProxy section */
		5DD50EA028056B9C007FEFF1 /* PBXContainerItemProxy */ = {
			isa = PBXContainerItemProxy;
			containerPortal = 5DD50E8128056B9C007FEFF1 /* Project object */;
			proxyType = 1;
			remoteGlobalIDString = 5DD50E8828056B9C007FEFF1;
			remoteInfo = "Heath Line";
		};
		5DD50EAA28056B9C007FEFF1 /* PBXContainerItemProxy */ = {
			isa = PBXContainerItemProxy;
			containerPortal = 5DD50E8128056B9C007FEFF1 /* Project object */;
			proxyType = 1;
			remoteGlobalIDString = 5DD50E8828056B9C007FEFF1;
			remoteInfo = "Heath Line";
		};
/* End PBXContainerItemProxy section */

/* Begin PBXFileReference section */
		2F76E2FB00A91B283DF03242 /* Pods-Heath Line-Heath LineUITests.release.xcconfig */ = {isa = PBXFileReference; includeInIndex = 1; lastKnownFileType = text.xcconfig; name = "Pods-Heath Line-Heath LineUITests.release.xcconfig"; path = "Target Support Files/Pods-Heath Line-Heath LineUITests/Pods-Heath Line-Heath LineUITests.release.xcconfig"; sourceTree = "<group>"; };
		53E4DD47F24606CA76CAEA77 /* Pods-Heath Line-Heath LineUITests.debug.xcconfig */ = {isa = PBXFileReference; includeInIndex = 1; lastKnownFileType = text.xcconfig; name = "Pods-Heath Line-Heath LineUITests.debug.xcconfig"; path = "Target Support Files/Pods-Heath Line-Heath LineUITests/Pods-Heath Line-Heath LineUITests.debug.xcconfig"; sourceTree = "<group>"; };
		5AD76B432E17F17849CCACE5 /* Pods-Heath LineTests.debug.xcconfig */ = {isa = PBXFileReference; includeInIndex = 1; lastKnownFileType = text.xcconfig; name = "Pods-Heath LineTests.debug.xcconfig"; path = "Target Support Files/Pods-Heath LineTests/Pods-Heath LineTests.debug.xcconfig"; sourceTree = "<group>"; };
		5D4AD10C280F887E00CB6656 /* GoogleService-Info.plist */ = {isa = PBXFileReference; fileEncoding = 4; lastKnownFileType = text.plist.xml; path = "GoogleService-Info.plist"; sourceTree = "<group>"; };
		5D4AD10F280F954100CB6656 /* en */ = {isa = PBXFileReference; lastKnownFileType = text.plist.strings; name = en; path = en.lproj/Main.strings; sourceTree = "<group>"; };
		5D4AD112280F961900CB6656 /* CreateAccount.swift */ = {isa = PBXFileReference; lastKnownFileType = sourcecode.swift; path = CreateAccount.swift; sourceTree = "<group>"; };
		5D4AD114280FD6CF00CB6656 /* LoginViewController.swift */ = {isa = PBXFileReference; lastKnownFileType = sourcecode.swift; path = LoginViewController.swift; sourceTree = "<group>"; };
		5DD50E8928056B9C007FEFF1 /* Heath Line.app */ = {isa = PBXFileReference; explicitFileType = wrapper.application; includeInIndex = 0; path = "Heath Line.app"; sourceTree = BUILT_PRODUCTS_DIR; };
		5DD50E8C28056B9C007FEFF1 /* AppDelegate.swift */ = {isa = PBXFileReference; lastKnownFileType = sourcecode.swift; path = AppDelegate.swift; sourceTree = "<group>"; };
		5DD50E8E28056B9C007FEFF1 /* SceneDelegate.swift */ = {isa = PBXFileReference; lastKnownFileType = sourcecode.swift; path = SceneDelegate.swift; sourceTree = "<group>"; };
		5DD50E9028056B9C007FEFF1 /* ViewController.swift */ = {isa = PBXFileReference; lastKnownFileType = sourcecode.swift; path = ViewController.swift; sourceTree = "<group>"; };
		5DD50E9328056B9C007FEFF1 /* Base */ = {isa = PBXFileReference; lastKnownFileType = file.storyboard; name = Base; path = Base.lproj/Main.storyboard; sourceTree = "<group>"; };
		5DD50E9528056B9C007FEFF1 /* Assets.xcassets */ = {isa = PBXFileReference; lastKnownFileType = folder.assetcatalog; path = Assets.xcassets; sourceTree = "<group>"; };
		5DD50E9828056B9C007FEFF1 /* Base */ = {isa = PBXFileReference; lastKnownFileType = file.storyboard; name = Base; path = Base.lproj/LaunchScreen.storyboard; sourceTree = "<group>"; };
		5DD50E9A28056B9C007FEFF1 /* Info.plist */ = {isa = PBXFileReference; lastKnownFileType = text.plist.xml; path = Info.plist; sourceTree = "<group>"; };
		5DD50E9F28056B9C007FEFF1 /* Heath LineTests.xctest */ = {isa = PBXFileReference; explicitFileType = wrapper.cfbundle; includeInIndex = 0; path = "Heath LineTests.xctest"; sourceTree = BUILT_PRODUCTS_DIR; };
		5DD50EA328056B9C007FEFF1 /* Heath_LineTests.swift */ = {isa = PBXFileReference; lastKnownFileType = sourcecode.swift; path = Heath_LineTests.swift; sourceTree = "<group>"; };
		5DD50EA928056B9C007FEFF1 /* Heath LineUITests.xctest */ = {isa = PBXFileReference; explicitFileType = wrapper.cfbundle; includeInIndex = 0; path = "Heath LineUITests.xctest"; sourceTree = BUILT_PRODUCTS_DIR; };
		5DD50EAD28056B9C007FEFF1 /* Heath_LineUITests.swift */ = {isa = PBXFileReference; lastKnownFileType = sourcecode.swift; path = Heath_LineUITests.swift; sourceTree = "<group>"; };
		5DD50EAF28056B9C007FEFF1 /* Heath_LineUITestsLaunchTests.swift */ = {isa = PBXFileReference; lastKnownFileType = sourcecode.swift; path = Heath_LineUITestsLaunchTests.swift; sourceTree = "<group>"; };
		5DEE297A2818890500CD57BB /* TalkToDoctorViewController.swift */ = {isa = PBXFileReference; lastKnownFileType = sourcecode.swift; path = TalkToDoctorViewController.swift; sourceTree = "<group>"; };
		5F5FFBDCD7DDFFB340631D89 /* Pods-Heath Line.debug.xcconfig */ = {isa = PBXFileReference; includeInIndex = 1; lastKnownFileType = text.xcconfig; name = "Pods-Heath Line.debug.xcconfig"; path = "Target Support Files/Pods-Heath Line/Pods-Heath Line.debug.xcconfig"; sourceTree = "<group>"; };
		6646AEC040009266CC2CA971 /* Pods_Heath_Line.framework */ = {isa = PBXFileReference; explicitFileType = wrapper.framework; includeInIndex = 0; path = Pods_Heath_Line.framework; sourceTree = BUILT_PRODUCTS_DIR; };
		A36FB4FA3B597F96BCA29645 /* Pods-Heath Line.release.xcconfig */ = {isa = PBXFileReference; includeInIndex = 1; lastKnownFileType = text.xcconfig; name = "Pods-Heath Line.release.xcconfig"; path = "Target Support Files/Pods-Heath Line/Pods-Heath Line.release.xcconfig"; sourceTree = "<group>"; };
		A75650D52A5AA736C4614203 /* Pods_Heath_Line_Heath_LineUITests.framework */ = {isa = PBXFileReference; explicitFileType = wrapper.framework; includeInIndex = 0; path = Pods_Heath_Line_Heath_LineUITests.framework; sourceTree = BUILT_PRODUCTS_DIR; };
		C2EE1F2417454C43445EDA9E /* Pods_Heath_LineTests.framework */ = {isa = PBXFileReference; explicitFileType = wrapper.framework; includeInIndex = 0; path = Pods_Heath_LineTests.framework; sourceTree = BUILT_PRODUCTS_DIR; };
		C536F57E280E75D500CCFD12 /* HomeViewController.swift */ = {isa = PBXFileReference; lastKnownFileType = sourcecode.swift; path = HomeViewController.swift; sourceTree = "<group>"; };
		D33E5C3B7AC05BA4699E53F8 /* Pods-Heath LineTests.release.xcconfig */ = {isa = PBXFileReference; includeInIndex = 1; lastKnownFileType = text.xcconfig; name = "Pods-Heath LineTests.release.xcconfig"; path = "Target Support Files/Pods-Heath LineTests/Pods-Heath LineTests.release.xcconfig"; sourceTree = "<group>"; };
/* End PBXFileReference section */

/* Begin PBXFrameworksBuildPhase section */
		5DD50E8628056B9C007FEFF1 /* Frameworks */ = {
			isa = PBXFrameworksBuildPhase;
			buildActionMask = 2147483647;
			files = (
				A5C52222A86301F46ED657F6 /* Pods_Heath_Line.framework in Frameworks */,
			);
			runOnlyForDeploymentPostprocessing = 0;
		};
		5DD50E9C28056B9C007FEFF1 /* Frameworks */ = {
			isa = PBXFrameworksBuildPhase;
			buildActionMask = 2147483647;
			files = (
				8AB26D4C58D8545E237C17C4 /* Pods_Heath_LineTests.framework in Frameworks */,
			);
			runOnlyForDeploymentPostprocessing = 0;
		};
		5DD50EA628056B9C007FEFF1 /* Frameworks */ = {
			isa = PBXFrameworksBuildPhase;
			buildActionMask = 2147483647;
			files = (
				B078E171F0A0052D38509EC0 /* Pods_Heath_Line_Heath_LineUITests.framework in Frameworks */,
			);
			runOnlyForDeploymentPostprocessing = 0;
		};
/* End PBXFrameworksBuildPhase section */

/* Begin PBXGroup section */
		5DD50E8028056B9C007FEFF1 = {
			isa = PBXGroup;
			children = (
				5DD50E8B28056B9C007FEFF1 /* Heath Line */,
				5DD50EA228056B9C007FEFF1 /* Heath LineTests */,
				5DD50EAC28056B9C007FEFF1 /* Heath LineUITests */,
				5DD50E8A28056B9C007FEFF1 /* Products */,
				77FA95658249630A619D9E2C /* Pods */,
				92383B33DB2F41D8E0973623 /* Frameworks */,
			);
			sourceTree = "<group>";
		};
		5DD50E8A28056B9C007FEFF1 /* Products */ = {
			isa = PBXGroup;
			children = (
				5DD50E8928056B9C007FEFF1 /* Heath Line.app */,
				5DD50E9F28056B9C007FEFF1 /* Heath LineTests.xctest */,
				5DD50EA928056B9C007FEFF1 /* Heath LineUITests.xctest */,
			);
			name = Products;
			sourceTree = "<group>";
		};
		5DD50E8B28056B9C007FEFF1 /* Heath Line */ = {
			isa = PBXGroup;
			children = (
				5DD50E8C28056B9C007FEFF1 /* AppDelegate.swift */,
				5DD50E8E28056B9C007FEFF1 /* SceneDelegate.swift */,
				5DD50E9028056B9C007FEFF1 /* ViewController.swift */,
				5DD50E9228056B9C007FEFF1 /* Main.storyboard */,
				5DD50E9528056B9C007FEFF1 /* Assets.xcassets */,
				5DD50E9728056B9C007FEFF1 /* LaunchScreen.storyboard */,
				5DD50E9A28056B9C007FEFF1 /* Info.plist */,
				C536F57E280E75D500CCFD12 /* HomeViewController.swift */,
				5D4AD10C280F887E00CB6656 /* GoogleService-Info.plist */,
				5D4AD112280F961900CB6656 /* CreateAccount.swift */,
				5D4AD114280FD6CF00CB6656 /* LoginViewController.swift */,
				5DEE297A2818890500CD57BB /* TalkToDoctorViewController.swift */,
			);
			path = "Heath Line";
			sourceTree = "<group>";
		};
		5DD50EA228056B9C007FEFF1 /* Heath LineTests */ = {
			isa = PBXGroup;
			children = (
				5DD50EA328056B9C007FEFF1 /* Heath_LineTests.swift */,
			);
			path = "Heath LineTests";
			sourceTree = "<group>";
		};
		5DD50EAC28056B9C007FEFF1 /* Heath LineUITests */ = {
			isa = PBXGroup;
			children = (
				5DD50EAD28056B9C007FEFF1 /* Heath_LineUITests.swift */,
				5DD50EAF28056B9C007FEFF1 /* Heath_LineUITestsLaunchTests.swift */,
			);
			path = "Heath LineUITests";
			sourceTree = "<group>";
		};
		77FA95658249630A619D9E2C /* Pods */ = {
			isa = PBXGroup;
			children = (
				5F5FFBDCD7DDFFB340631D89 /* Pods-Heath Line.debug.xcconfig */,
				A36FB4FA3B597F96BCA29645 /* Pods-Heath Line.release.xcconfig */,
				53E4DD47F24606CA76CAEA77 /* Pods-Heath Line-Heath LineUITests.debug.xcconfig */,
				2F76E2FB00A91B283DF03242 /* Pods-Heath Line-Heath LineUITests.release.xcconfig */,
				5AD76B432E17F17849CCACE5 /* Pods-Heath LineTests.debug.xcconfig */,
				D33E5C3B7AC05BA4699E53F8 /* Pods-Heath LineTests.release.xcconfig */,
			);
			path = Pods;
			sourceTree = "<group>";
		};
		92383B33DB2F41D8E0973623 /* Frameworks */ = {
			isa = PBXGroup;
			children = (
				6646AEC040009266CC2CA971 /* Pods_Heath_Line.framework */,
				A75650D52A5AA736C4614203 /* Pods_Heath_Line_Heath_LineUITests.framework */,
				C2EE1F2417454C43445EDA9E /* Pods_Heath_LineTests.framework */,
			);
			name = Frameworks;
			sourceTree = "<group>";
		};
/* End PBXGroup section */

/* Begin PBXNativeTarget section */
		5DD50E8828056B9C007FEFF1 /* Heath Line */ = {
			isa = PBXNativeTarget;
			buildConfigurationList = 5DD50EB328056B9C007FEFF1 /* Build configuration list for PBXNativeTarget "Heath Line" */;
			buildPhases = (
				D23151E4B3A719BE14DF51BE /* [CP] Check Pods Manifest.lock */,
				5DD50E8528056B9C007FEFF1 /* Sources */,
				5DD50E8628056B9C007FEFF1 /* Frameworks */,
				5DD50E8728056B9C007FEFF1 /* Resources */,
				E3EF246F879956CC798BA2EC /* [CP] Embed Pods Frameworks */,
			);
			buildRules = (
			);
			dependencies = (
			);
			name = "Heath Line";
			productName = "Heath Line";
			productReference = 5DD50E8928056B9C007FEFF1 /* Heath Line.app */;
			productType = "com.apple.product-type.application";
		};
		5DD50E9E28056B9C007FEFF1 /* Heath LineTests */ = {
			isa = PBXNativeTarget;
			buildConfigurationList = 5DD50EB628056B9C007FEFF1 /* Build configuration list for PBXNativeTarget "Heath LineTests" */;
			buildPhases = (
				EE513C933232104E990081E1 /* [CP] Check Pods Manifest.lock */,
				5DD50E9B28056B9C007FEFF1 /* Sources */,
				5DD50E9C28056B9C007FEFF1 /* Frameworks */,
				5DD50E9D28056B9C007FEFF1 /* Resources */,
			);
			buildRules = (
			);
			dependencies = (
				5DD50EA128056B9C007FEFF1 /* PBXTargetDependency */,
			);
			name = "Heath LineTests";
			productName = "Heath LineTests";
			productReference = 5DD50E9F28056B9C007FEFF1 /* Heath LineTests.xctest */;
			productType = "com.apple.product-type.bundle.unit-test";
		};
		5DD50EA828056B9C007FEFF1 /* Heath LineUITests */ = {
			isa = PBXNativeTarget;
			buildConfigurationList = 5DD50EB928056B9C007FEFF1 /* Build configuration list for PBXNativeTarget "Heath LineUITests" */;
			buildPhases = (
				3733FA7532CE7CCC8D53F1B8 /* [CP] Check Pods Manifest.lock */,
				5DD50EA528056B9C007FEFF1 /* Sources */,
				5DD50EA628056B9C007FEFF1 /* Frameworks */,
				5DD50EA728056B9C007FEFF1 /* Resources */,
				55742A54BEEBAED071F034C9 /* [CP] Embed Pods Frameworks */,
			);
			buildRules = (
			);
			dependencies = (
				5DD50EAB28056B9C007FEFF1 /* PBXTargetDependency */,
			);
			name = "Heath LineUITests";
			productName = "Heath LineUITests";
			productReference = 5DD50EA928056B9C007FEFF1 /* Heath LineUITests.xctest */;
			productType = "com.apple.product-type.bundle.ui-testing";
		};
/* End PBXNativeTarget section */

/* Begin PBXProject section */
		5DD50E8128056B9C007FEFF1 /* Project object */ = {
			isa = PBXProject;
			attributes = {
				BuildIndependentTargetsInParallel = 1;
				LastSwiftUpdateCheck = 1320;
				LastUpgradeCheck = 1320;
				TargetAttributes = {
					5DD50E8828056B9C007FEFF1 = {
						CreatedOnToolsVersion = 13.2.1;
					};
					5DD50E9E28056B9C007FEFF1 = {
						CreatedOnToolsVersion = 13.2.1;
						TestTargetID = 5DD50E8828056B9C007FEFF1;
					};
					5DD50EA828056B9C007FEFF1 = {
						CreatedOnToolsVersion = 13.2.1;
						TestTargetID = 5DD50E8828056B9C007FEFF1;
					};
				};
			};
			buildConfigurationList = 5DD50E8428056B9C007FEFF1 /* Build configuration list for PBXProject "Heath Line" */;
			compatibilityVersion = "Xcode 13.0";
			developmentRegion = en;
			hasScannedForEncodings = 0;
			knownRegions = (
				en,
				Base,
			);
			mainGroup = 5DD50E8028056B9C007FEFF1;
			productRefGroup = 5DD50E8A28056B9C007FEFF1 /* Products */;
			projectDirPath = "";
			projectRoot = "";
			targets = (
				5DD50E8828056B9C007FEFF1 /* Heath Line */,
				5DD50E9E28056B9C007FEFF1 /* Heath LineTests */,
				5DD50EA828056B9C007FEFF1 /* Heath LineUITests */,
			);
		};
/* End PBXProject section */

/* Begin PBXResourcesBuildPhase section */
		5DD50E8728056B9C007FEFF1 /* Resources */ = {
			isa = PBXResourcesBuildPhase;
			buildActionMask = 2147483647;
			files = (
				5DD50E9928056B9C007FEFF1 /* LaunchScreen.storyboard in Resources */,
				5DD50E9628056B9C007FEFF1 /* Assets.xcassets in Resources */,
				5D4AD10D280F887E00CB6656 /* GoogleService-Info.plist in Resources */,
				5DD50E9428056B9C007FEFF1 /* Main.storyboard in Resources */,
			);
			runOnlyForDeploymentPostprocessing = 0;
		};
		5DD50E9D28056B9C007FEFF1 /* Resources */ = {
			isa = PBXResourcesBuildPhase;
			buildActionMask = 2147483647;
			files = (
			);
			runOnlyForDeploymentPostprocessing = 0;
		};
		5DD50EA728056B9C007FEFF1 /* Resources */ = {
			isa = PBXResourcesBuildPhase;
			buildActionMask = 2147483647;
			files = (
			);
			runOnlyForDeploymentPostprocessing = 0;
		};
/* End PBXResourcesBuildPhase section */

/* Begin PBXShellScriptBuildPhase section */
		3733FA7532CE7CCC8D53F1B8 /* [CP] Check Pods Manifest.lock */ = {
			isa = PBXShellScriptBuildPhase;
			buildActionMask = 2147483647;
			files = (
			);
			inputFileListPaths = (
			);
			inputPaths = (
				"${PODS_PODFILE_DIR_PATH}/Podfile.lock",
				"${PODS_ROOT}/Manifest.lock",
			);
			name = "[CP] Check Pods Manifest.lock";
			outputFileListPaths = (
			);
			outputPaths = (
				"$(DERIVED_FILE_DIR)/Pods-Heath Line-Heath LineUITests-checkManifestLockResult.txt",
			);
			runOnlyForDeploymentPostprocessing = 0;
			shellPath = /bin/sh;
			shellScript = "diff \"${PODS_PODFILE_DIR_PATH}/Podfile.lock\" \"${PODS_ROOT}/Manifest.lock\" > /dev/null\nif [ $? != 0 ] ; then\n    # print error to STDERR\n    echo \"error: The sandbox is not in sync with the Podfile.lock. Run 'pod install' or update your CocoaPods installation.\" >&2\n    exit 1\nfi\n# This output is used by Xcode 'outputs' to avoid re-running this script phase.\necho \"SUCCESS\" > \"${SCRIPT_OUTPUT_FILE_0}\"\n";
			showEnvVarsInLog = 0;
		};
		55742A54BEEBAED071F034C9 /* [CP] Embed Pods Frameworks */ = {
			isa = PBXShellScriptBuildPhase;
			buildActionMask = 2147483647;
			files = (
			);
			inputFileListPaths = (
				"${PODS_ROOT}/Target Support Files/Pods-Heath Line-Heath LineUITests/Pods-Heath Line-Heath LineUITests-frameworks-${CONFIGURATION}-input-files.xcfilelist",
			);
			name = "[CP] Embed Pods Frameworks";
			outputFileListPaths = (
				"${PODS_ROOT}/Target Support Files/Pods-Heath Line-Heath LineUITests/Pods-Heath Line-Heath LineUITests-frameworks-${CONFIGURATION}-output-files.xcfilelist",
			);
			runOnlyForDeploymentPostprocessing = 0;
			shellPath = /bin/sh;
			shellScript = "\"${PODS_ROOT}/Target Support Files/Pods-Heath Line-Heath LineUITests/Pods-Heath Line-Heath LineUITests-frameworks.sh\"\n";
			showEnvVarsInLog = 0;
		};
		D23151E4B3A719BE14DF51BE /* [CP] Check Pods Manifest.lock */ = {
			isa = PBXShellScriptBuildPhase;
			buildActionMask = 2147483647;
			files = (
			);
			inputFileListPaths = (
			);
			inputPaths = (
				"${PODS_PODFILE_DIR_PATH}/Podfile.lock",
				"${PODS_ROOT}/Manifest.lock",
			);
			name = "[CP] Check Pods Manifest.lock";
			outputFileListPaths = (
			);
			outputPaths = (
				"$(DERIVED_FILE_DIR)/Pods-Heath Line-checkManifestLockResult.txt",
			);
			runOnlyForDeploymentPostprocessing = 0;
			shellPath = /bin/sh;
			shellScript = "diff \"${PODS_PODFILE_DIR_PATH}/Podfile.lock\" \"${PODS_ROOT}/Manifest.lock\" > /dev/null\nif [ $? != 0 ] ; then\n    # print error to STDERR\n    echo \"error: The sandbox is not in sync with the Podfile.lock. Run 'pod install' or update your CocoaPods installation.\" >&2\n    exit 1\nfi\n# This output is used by Xcode 'outputs' to avoid re-running this script phase.\necho \"SUCCESS\" > \"${SCRIPT_OUTPUT_FILE_0}\"\n";
			showEnvVarsInLog = 0;
		};
		E3EF246F879956CC798BA2EC /* [CP] Embed Pods Frameworks */ = {
			isa = PBXShellScriptBuildPhase;
			buildActionMask = 2147483647;
			files = (
			);
			inputFileListPaths = (
				"${PODS_ROOT}/Target Support Files/Pods-Heath Line/Pods-Heath Line-frameworks-${CONFIGURATION}-input-files.xcfilelist",
			);
			name = "[CP] Embed Pods Frameworks";
			outputFileListPaths = (
				"${PODS_ROOT}/Target Support Files/Pods-Heath Line/Pods-Heath Line-frameworks-${CONFIGURATION}-output-files.xcfilelist",
			);
			runOnlyForDeploymentPostprocessing = 0;
			shellPath = /bin/sh;
			shellScript = "\"${PODS_ROOT}/Target Support Files/Pods-Heath Line/Pods-Heath Line-frameworks.sh\"\n";
			showEnvVarsInLog = 0;
		};
		EE513C933232104E990081E1 /* [CP] Check Pods Manifest.lock */ = {
			isa = PBXShellScriptBuildPhase;
			buildActionMask = 2147483647;
			files = (
			);
			inputFileListPaths = (
			);
			inputPaths = (
				"${PODS_PODFILE_DIR_PATH}/Podfile.lock",
				"${PODS_ROOT}/Manifest.lock",
			);
			name = "[CP] Check Pods Manifest.lock";
			outputFileListPaths = (
			);
			outputPaths = (
				"$(DERIVED_FILE_DIR)/Pods-Heath LineTests-checkManifestLockResult.txt",
			);
			runOnlyForDeploymentPostprocessing = 0;
			shellPath = /bin/sh;
			shellScript = "diff \"${PODS_PODFILE_DIR_PATH}/Podfile.lock\" \"${PODS_ROOT}/Manifest.lock\" > /dev/null\nif [ $? != 0 ] ; then\n    # print error to STDERR\n    echo \"error: The sandbox is not in sync with the Podfile.lock. Run 'pod install' or update your CocoaPods installation.\" >&2\n    exit 1\nfi\n# This output is used by Xcode 'outputs' to avoid re-running this script phase.\necho \"SUCCESS\" > \"${SCRIPT_OUTPUT_FILE_0}\"\n";
			showEnvVarsInLog = 0;
		};
/* End PBXShellScriptBuildPhase section */

/* Begin PBXSourcesBuildPhase section */
		5DD50E8528056B9C007FEFF1 /* Sources */ = {
			isa = PBXSourcesBuildPhase;
			buildActionMask = 2147483647;
			files = (
				5D4AD115280FD6CF00CB6656 /* LoginViewController.swift in Sources */,
				5DD50E9128056B9C007FEFF1 /* ViewController.swift in Sources */,
				5DD50E8D28056B9C007FEFF1 /* AppDelegate.swift in Sources */,
				5D4AD113280F961900CB6656 /* CreateAccount.swift in Sources */,
				5DEE297B2818890500CD57BB /* TalkToDoctorViewController.swift in Sources */,
				5DD50E8F28056B9C007FEFF1 /* SceneDelegate.swift in Sources */,
				C536F57F280E75D500CCFD12 /* HomeViewController.swift in Sources */,
			);
			runOnlyForDeploymentPostprocessing = 0;
		};
		5DD50E9B28056B9C007FEFF1 /* Sources */ = {
			isa = PBXSourcesBuildPhase;
			buildActionMask = 2147483647;
			files = (
				5DD50EA428056B9C007FEFF1 /* Heath_LineTests.swift in Sources */,
			);
			runOnlyForDeploymentPostprocessing = 0;
		};
		5DD50EA528056B9C007FEFF1 /* Sources */ = {
			isa = PBXSourcesBuildPhase;
			buildActionMask = 2147483647;
			files = (
				5DD50EAE28056B9C007FEFF1 /* Heath_LineUITests.swift in Sources */,
				5DD50EB028056B9C007FEFF1 /* Heath_LineUITestsLaunchTests.swift in Sources */,
			);
			runOnlyForDeploymentPostprocessing = 0;
		};
/* End PBXSourcesBuildPhase section */

/* Begin PBXTargetDependency section */
		5DD50EA128056B9C007FEFF1 /* PBXTargetDependency */ = {
			isa = PBXTargetDependency;
			target = 5DD50E8828056B9C007FEFF1 /* Heath Line */;
			targetProxy = 5DD50EA028056B9C007FEFF1 /* PBXContainerItemProxy */;
		};
		5DD50EAB28056B9C007FEFF1 /* PBXTargetDependency */ = {
			isa = PBXTargetDependency;
			target = 5DD50E8828056B9C007FEFF1 /* Heath Line */;
			targetProxy = 5DD50EAA28056B9C007FEFF1 /* PBXContainerItemProxy */;
		};
/* End PBXTargetDependency section */

/* Begin PBXVariantGroup section */
		5DD50E9228056B9C007FEFF1 /* Main.storyboard */ = {
			isa = PBXVariantGroup;
			children = (
				5DD50E9328056B9C007FEFF1 /* Base */,
				5D4AD10F280F954100CB6656 /* en */,
			);
			name = Main.storyboard;
			sourceTree = "<group>";
		};
		5DD50E9728056B9C007FEFF1 /* LaunchScreen.storyboard */ = {
			isa = PBXVariantGroup;
			children = (
				5DD50E9828056B9C007FEFF1 /* Base */,
			);
			name = LaunchScreen.storyboard;
			sourceTree = "<group>";
		};
/* End PBXVariantGroup section */

/* Begin XCBuildConfiguration section */
		5DD50EB128056B9C007FEFF1 /* Debug */ = {
			isa = XCBuildConfiguration;
			buildSettings = {
				ALWAYS_SEARCH_USER_PATHS = NO;
				CLANG_ANALYZER_NONNULL = YES;
				CLANG_ANALYZER_NUMBER_OBJECT_CONVERSION = YES_AGGRESSIVE;
				CLANG_CXX_LANGUAGE_STANDARD = "gnu++17";
				CLANG_CXX_LIBRARY = "libc++";
				CLANG_ENABLE_MODULES = YES;
				CLANG_ENABLE_OBJC_ARC = YES;
				CLANG_ENABLE_OBJC_WEAK = YES;
				CLANG_WARN_BLOCK_CAPTURE_AUTORELEASING = YES;
				CLANG_WARN_BOOL_CONVERSION = YES;
				CLANG_WARN_COMMA = YES;
				CLANG_WARN_CONSTANT_CONVERSION = YES;
				CLANG_WARN_DEPRECATED_OBJC_IMPLEMENTATIONS = YES;
				CLANG_WARN_DIRECT_OBJC_ISA_USAGE = YES_ERROR;
				CLANG_WARN_DOCUMENTATION_COMMENTS = YES;
				CLANG_WARN_EMPTY_BODY = YES;
				CLANG_WARN_ENUM_CONVERSION = YES;
				CLANG_WARN_INFINITE_RECURSION = YES;
				CLANG_WARN_INT_CONVERSION = YES;
				CLANG_WARN_NON_LITERAL_NULL_CONVERSION = YES;
				CLANG_WARN_OBJC_IMPLICIT_RETAIN_SELF = YES;
				CLANG_WARN_OBJC_LITERAL_CONVERSION = YES;
				CLANG_WARN_OBJC_ROOT_CLASS = YES_ERROR;
				CLANG_WARN_QUOTED_INCLUDE_IN_FRAMEWORK_HEADER = YES;
				CLANG_WARN_RANGE_LOOP_ANALYSIS = YES;
				CLANG_WARN_STRICT_PROTOTYPES = YES;
				CLANG_WARN_SUSPICIOUS_MOVE = YES;
				CLANG_WARN_UNGUARDED_AVAILABILITY = YES_AGGRESSIVE;
				CLANG_WARN_UNREACHABLE_CODE = YES;
				CLANG_WARN__DUPLICATE_METHOD_MATCH = YES;
				COPY_PHASE_STRIP = NO;
				DEBUG_INFORMATION_FORMAT = dwarf;
				ENABLE_STRICT_OBJC_MSGSEND = YES;
				ENABLE_TESTABILITY = YES;
				GCC_C_LANGUAGE_STANDARD = gnu11;
				GCC_DYNAMIC_NO_PIC = NO;
				GCC_NO_COMMON_BLOCKS = YES;
				GCC_OPTIMIZATION_LEVEL = 0;
				GCC_PREPROCESSOR_DEFINITIONS = (
					"DEBUG=1",
					"$(inherited)",
				);
				GCC_WARN_64_TO_32_BIT_CONVERSION = YES;
				GCC_WARN_ABOUT_RETURN_TYPE = YES_ERROR;
				GCC_WARN_UNDECLARED_SELECTOR = YES;
				GCC_WARN_UNINITIALIZED_AUTOS = YES_AGGRESSIVE;
				GCC_WARN_UNUSED_FUNCTION = YES;
				GCC_WARN_UNUSED_VARIABLE = YES;
				IPHONEOS_DEPLOYMENT_TARGET = 15.2;
				MTL_ENABLE_DEBUG_INFO = INCLUDE_SOURCE;
				MTL_FAST_MATH = YES;
				ONLY_ACTIVE_ARCH = YES;
				SDKROOT = iphoneos;
				SWIFT_ACTIVE_COMPILATION_CONDITIONS = DEBUG;
				SWIFT_OPTIMIZATION_LEVEL = "-Onone";
			};
			name = Debug;
		};
		5DD50EB228056B9C007FEFF1 /* Release */ = {
			isa = XCBuildConfiguration;
			buildSettings = {
				ALWAYS_SEARCH_USER_PATHS = NO;
				CLANG_ANALYZER_NONNULL = YES;
				CLANG_ANALYZER_NUMBER_OBJECT_CONVERSION = YES_AGGRESSIVE;
				CLANG_CXX_LANGUAGE_STANDARD = "gnu++17";
				CLANG_CXX_LIBRARY = "libc++";
				CLANG_ENABLE_MODULES = YES;
				CLANG_ENABLE_OBJC_ARC = YES;
				CLANG_ENABLE_OBJC_WEAK = YES;
				CLANG_WARN_BLOCK_CAPTURE_AUTORELEASING = YES;
				CLANG_WARN_BOOL_CONVERSION = YES;
				CLANG_WARN_COMMA = YES;
				CLANG_WARN_CONSTANT_CONVERSION = YES;
				CLANG_WARN_DEPRECATED_OBJC_IMPLEMENTATIONS = YES;
				CLANG_WARN_DIRECT_OBJC_ISA_USAGE = YES_ERROR;
				CLANG_WARN_DOCUMENTATION_COMMENTS = YES;
				CLANG_WARN_EMPTY_BODY = YES;
				CLANG_WARN_ENUM_CONVERSION = YES;
				CLANG_WARN_INFINITE_RECURSION = YES;
				CLANG_WARN_INT_CONVERSION = YES;
				CLANG_WARN_NON_LITERAL_NULL_CONVERSION = YES;
				CLANG_WARN_OBJC_IMPLICIT_RETAIN_SELF = YES;
				CLANG_WARN_OBJC_LITERAL_CONVERSION = YES;
				CLANG_WARN_OBJC_ROOT_CLASS = YES_ERROR;
				CLANG_WARN_QUOTED_INCLUDE_IN_FRAMEWORK_HEADER = YES;
				CLANG_WARN_RANGE_LOOP_ANALYSIS = YES;
				CLANG_WARN_STRICT_PROTOTYPES = YES;
				CLANG_WARN_SUSPICIOUS_MOVE = YES;
				CLANG_WARN_UNGUARDED_AVAILABILITY = YES_AGGRESSIVE;
				CLANG_WARN_UNREACHABLE_CODE = YES;
				CLANG_WARN__DUPLICATE_METHOD_MATCH = YES;
				COPY_PHASE_STRIP = NO;
				DEBUG_INFORMATION_FORMAT = "dwarf-with-dsym";
				ENABLE_NS_ASSERTIONS = NO;
				ENABLE_STRICT_OBJC_MSGSEND = YES;
				GCC_C_LANGUAGE_STANDARD = gnu11;
				GCC_NO_COMMON_BLOCKS = YES;
				GCC_WARN_64_TO_32_BIT_CONVERSION = YES;
				GCC_WARN_ABOUT_RETURN_TYPE = YES_ERROR;
				GCC_WARN_UNDECLARED_SELECTOR = YES;
				GCC_WARN_UNINITIALIZED_AUTOS = YES_AGGRESSIVE;
				GCC_WARN_UNUSED_FUNCTION = YES;
				GCC_WARN_UNUSED_VARIABLE = YES;
				IPHONEOS_DEPLOYMENT_TARGET = 15.2;
				MTL_ENABLE_DEBUG_INFO = NO;
				MTL_FAST_MATH = YES;
				SDKROOT = iphoneos;
				SWIFT_COMPILATION_MODE = wholemodule;
				SWIFT_OPTIMIZATION_LEVEL = "-O";
				VALIDATE_PRODUCT = YES;
			};
			name = Release;
		};
		5DD50EB428056B9C007FEFF1 /* Debug */ = {
			isa = XCBuildConfiguration;
			baseConfigurationReference = 5F5FFBDCD7DDFFB340631D89 /* Pods-Heath Line.debug.xcconfig */;
			buildSettings = {
				ASSETCATALOG_COMPILER_APPICON_NAME = AppIcon;
				ASSETCATALOG_COMPILER_GLOBAL_ACCENT_COLOR_NAME = AccentColor;
				CODE_SIGN_STYLE = Automatic;
				CURRENT_PROJECT_VERSION = 1;
				DEVELOPMENT_TEAM = 4C8YN7P365;
				GENERATE_INFOPLIST_FILE = YES;
				INFOPLIST_FILE = "Heath Line/Info.plist";
				INFOPLIST_KEY_UIApplicationSupportsIndirectInputEvents = YES;
				INFOPLIST_KEY_UILaunchStoryboardName = LaunchScreen;
				INFOPLIST_KEY_UIMainStoryboardFile = Main;
				INFOPLIST_KEY_UISupportedInterfaceOrientations_iPad = "UIInterfaceOrientationPortrait UIInterfaceOrientationPortraitUpsideDown UIInterfaceOrientationLandscapeLeft UIInterfaceOrientationLandscapeRight";
				INFOPLIST_KEY_UISupportedInterfaceOrientations_iPhone = "UIInterfaceOrientationPortrait UIInterfaceOrientationLandscapeLeft UIInterfaceOrientationLandscapeRight";
				LD_RUNPATH_SEARCH_PATHS = (
					"$(inherited)",
					"@executable_path/Frameworks",
				);
				MARKETING_VERSION = 1.0;
				PRODUCT_BUNDLE_IDENTIFIER = "memo.com.Heath-Line";
				PRODUCT_NAME = "$(TARGET_NAME)";
				SWIFT_EMIT_LOC_STRINGS = YES;
				SWIFT_VERSION = 5.0;
				TARGETED_DEVICE_FAMILY = "1,2";
			};
			name = Debug;
		};
		5DD50EB528056B9C007FEFF1 /* Release */ = {
			isa = XCBuildConfiguration;
			baseConfigurationReference = A36FB4FA3B597F96BCA29645 /* Pods-Heath Line.release.xcconfig */;
			buildSettings = {
				ASSETCATALOG_COMPILER_APPICON_NAME = AppIcon;
				ASSETCATALOG_COMPILER_GLOBAL_ACCENT_COLOR_NAME = AccentColor;
				CODE_SIGN_STYLE = Automatic;
				CURRENT_PROJECT_VERSION = 1;
				DEVELOPMENT_TEAM = 4C8YN7P365;
				GENERATE_INFOPLIST_FILE = YES;
				INFOPLIST_FILE = "Heath Line/Info.plist";
				INFOPLIST_KEY_UIApplicationSupportsIndirectInputEvents = YES;
				INFOPLIST_KEY_UILaunchStoryboardName = LaunchScreen;
				INFOPLIST_KEY_UIMainStoryboardFile = Main;
				INFOPLIST_KEY_UISupportedInterfaceOrientations_iPad = "UIInterfaceOrientationPortrait UIInterfaceOrientationPortraitUpsideDown UIInterfaceOrientationLandscapeLeft UIInterfaceOrientationLandscapeRight";
				INFOPLIST_KEY_UISupportedInterfaceOrientations_iPhone = "UIInterfaceOrientationPortrait UIInterfaceOrientationLandscapeLeft UIInterfaceOrientationLandscapeRight";
				LD_RUNPATH_SEARCH_PATHS = (
					"$(inherited)",
					"@executable_path/Frameworks",
				);
				MARKETING_VERSION = 1.0;
				PRODUCT_BUNDLE_IDENTIFIER = "memo.com.Heath-Line";
				PRODUCT_NAME = "$(TARGET_NAME)";
				SWIFT_EMIT_LOC_STRINGS = YES;
				SWIFT_VERSION = 5.0;
				TARGETED_DEVICE_FAMILY = "1,2";
			};
			name = Release;
		};
		5DD50EB728056B9C007FEFF1 /* Debug */ = {
			isa = XCBuildConfiguration;
			baseConfigurationReference = 5AD76B432E17F17849CCACE5 /* Pods-Heath LineTests.debug.xcconfig */;
			buildSettings = {
				ALWAYS_EMBED_SWIFT_STANDARD_LIBRARIES = YES;
				BUNDLE_LOADER = "$(TEST_HOST)";
				CODE_SIGN_STYLE = Automatic;
				CURRENT_PROJECT_VERSION = 1;
				DEVELOPMENT_TEAM = 4C8YN7P365;
				GENERATE_INFOPLIST_FILE = YES;
				IPHONEOS_DEPLOYMENT_TARGET = 15.2;
				MARKETING_VERSION = 1.0;
				PRODUCT_BUNDLE_IDENTIFIER = "memo.com.Heath-LineTests";
				PRODUCT_NAME = "$(TARGET_NAME)";
				SWIFT_EMIT_LOC_STRINGS = NO;
				SWIFT_VERSION = 5.0;
				TARGETED_DEVICE_FAMILY = "1,2";
				TEST_HOST = "$(BUILT_PRODUCTS_DIR)/Heath Line.app/Heath Line";
			};
			name = Debug;
		};
		5DD50EB828056B9C007FEFF1 /* Release */ = {
			isa = XCBuildConfiguration;
			baseConfigurationReference = D33E5C3B7AC05BA4699E53F8 /* Pods-Heath LineTests.release.xcconfig */;
			buildSettings = {
				ALWAYS_EMBED_SWIFT_STANDARD_LIBRARIES = YES;
				BUNDLE_LOADER = "$(TEST_HOST)";
				CODE_SIGN_STYLE = Automatic;
				CURRENT_PROJECT_VERSION = 1;
				DEVELOPMENT_TEAM = 4C8YN7P365;
				GENERATE_INFOPLIST_FILE = YES;
				IPHONEOS_DEPLOYMENT_TARGET = 15.2;
				MARKETING_VERSION = 1.0;
				PRODUCT_BUNDLE_IDENTIFIER = "memo.com.Heath-LineTests";
				PRODUCT_NAME = "$(TARGET_NAME)";
				SWIFT_EMIT_LOC_STRINGS = NO;
				SWIFT_VERSION = 5.0;
				TARGETED_DEVICE_FAMILY = "1,2";
				TEST_HOST = "$(BUILT_PRODUCTS_DIR)/Heath Line.app/Heath Line";
			};
			name = Release;
		};
		5DD50EBA28056B9C007FEFF1 /* Debug */ = {
			isa = XCBuildConfiguration;
			baseConfigurationReference = 53E4DD47F24606CA76CAEA77 /* Pods-Heath Line-Heath LineUITests.debug.xcconfig */;
			buildSettings = {
				ALWAYS_EMBED_SWIFT_STANDARD_LIBRARIES = YES;
				CODE_SIGN_STYLE = Automatic;
				CURRENT_PROJECT_VERSION = 1;
				DEVELOPMENT_TEAM = 4C8YN7P365;
				GENERATE_INFOPLIST_FILE = YES;
				MARKETING_VERSION = 1.0;
				PRODUCT_BUNDLE_IDENTIFIER = "memo.com.Heath-LineUITests";
				PRODUCT_NAME = "$(TARGET_NAME)";
				SWIFT_EMIT_LOC_STRINGS = NO;
				SWIFT_VERSION = 5.0;
				TARGETED_DEVICE_FAMILY = "1,2";
				TEST_TARGET_NAME = "Heath Line";
			};
			name = Debug;
		};
		5DD50EBB28056B9C007FEFF1 /* Release */ = {
			isa = XCBuildConfiguration;
			baseConfigurationReference = 2F76E2FB00A91B283DF03242 /* Pods-Heath Line-Heath LineUITests.release.xcconfig */;
			buildSettings = {
				ALWAYS_EMBED_SWIFT_STANDARD_LIBRARIES = YES;
				CODE_SIGN_STYLE = Automatic;
				CURRENT_PROJECT_VERSION = 1;
				DEVELOPMENT_TEAM = 4C8YN7P365;
				GENERATE_INFOPLIST_FILE = YES;
				MARKETING_VERSION = 1.0;
				PRODUCT_BUNDLE_IDENTIFIER = "memo.com.Heath-LineUITests";
				PRODUCT_NAME = "$(TARGET_NAME)";
				SWIFT_EMIT_LOC_STRINGS = NO;
				SWIFT_VERSION = 5.0;
				TARGETED_DEVICE_FAMILY = "1,2";
				TEST_TARGET_NAME = "Heath Line";
			};
			name = Release;
		};
/* End XCBuildConfiguration section */

/* Begin XCConfigurationList section */
		5DD50E8428056B9C007FEFF1 /* Build configuration list for PBXProject "Heath Line" */ = {
			isa = XCConfigurationList;
			buildConfigurations = (
				5DD50EB128056B9C007FEFF1 /* Debug */,
				5DD50EB228056B9C007FEFF1 /* Release */,
			);
			defaultConfigurationIsVisible = 0;
			defaultConfigurationName = Release;
		};
		5DD50EB328056B9C007FEFF1 /* Build configuration list for PBXNativeTarget "Heath Line" */ = {
			isa = XCConfigurationList;
			buildConfigurations = (
				5DD50EB428056B9C007FEFF1 /* Debug */,
				5DD50EB528056B9C007FEFF1 /* Release */,
			);
			defaultConfigurationIsVisible = 0;
			defaultConfigurationName = Release;
		};
		5DD50EB628056B9C007FEFF1 /* Build configuration list for PBXNativeTarget "Heath LineTests" */ = {
			isa = XCConfigurationList;
			buildConfigurations = (
				5DD50EB728056B9C007FEFF1 /* Debug */,
				5DD50EB828056B9C007FEFF1 /* Release */,
			);
			defaultConfigurationIsVisible = 0;
			defaultConfigurationName = Release;
		};
		5DD50EB928056B9C007FEFF1 /* Build configuration list for PBXNativeTarget "Heath LineUITests" */ = {
			isa = XCConfigurationList;
			buildConfigurations = (
				5DD50EBA28056B9C007FEFF1 /* Debug */,
				5DD50EBB28056B9C007FEFF1 /* Release */,
			);
			defaultConfigurationIsVisible = 0;
			defaultConfigurationName = Release;
		};
/* End XCConfigurationList section */
	};
	rootObject = 5DD50E8128056B9C007FEFF1 /* Project object */;
}
